
Microsoft Visual Studio Solution File, Format Version 12.00
# Visual Studio Version 16
VisualStudioVersion = 16.0.30804.86
MinimumVisualStudioVersion = 10.0.40219.1
Project("{9A19103F-16F7-4668-BE54-9A1E7A4F7556}") = "NHilo", "NHilo\NHilo.csproj", "{49EDF44C-547F-45EC-8C1C-796AD9046FAB}"
EndProject
Project("{9A19103F-16F7-4668-BE54-9A1E7A4F7556}") = "NHiLo.Tests", "NHiLo.Tests\NHiLo.Tests.csproj", "{FCC18C67-323F-4EF6-9C99-522BDFA4CCE8}"
EndProject
Project("{9A19103F-16F7-4668-BE54-9A1E7A4F7556}") = "NHiLo.Tests.Integration", "NHiLo.Tests.Integration\NHiLo.Tests.Integration.csproj", "{9003DC61-ED7D-451B-BEF4-0D3B14970BDF}"
EndProject
Project("{2150E333-8FDC-42A3-9474-1A3956D46DE8}") = "tests", "tests", "{1D19C28F-CF17-4DAB-866A-CD3B30DEA1E7}"
EndProject
Global
	GlobalSection(SolutionConfigurationPlatforms) = preSolution
		Debug|Any CPU = Debug|Any CPU
		Release|Any CPU = Release|Any CPU
	EndGlobalSection
	GlobalSection(ProjectConfigurationPlatforms) = postSolution
		{49EDF44C-547F-45EC-8C1C-796AD9046FAB}.Debug|Any CPU.ActiveCfg = Debug|Any CPU
		{49EDF44C-547F-45EC-8C1C-796AD9046FAB}.Debug|Any CPU.Build.0 = Debug|Any CPU
		{49EDF44C-547F-45EC-8C1C-796AD9046FAB}.Release|Any CPU.ActiveCfg = Release|Any CPU
		{49EDF44C-547F-45EC-8C1C-796AD9046FAB}.Release|Any CPU.Build.0 = Release|Any CPU
		{FCC18C67-323F-4EF6-9C99-522BDFA4CCE8}.Debug|Any CPU.ActiveCfg = Debug|Any CPU
		{FCC18C67-323F-4EF6-9C99-522BDFA4CCE8}.Debug|Any CPU.Build.0 = Debug|Any CPU
		{FCC18C67-323F-4EF6-9C99-522BDFA4CCE8}.Release|Any CPU.ActiveCfg = Release|Any CPU
		{FCC18C67-323F-4EF6-9C99-522BDFA4CCE8}.Release|Any CPU.Build.0 = Release|Any CPU
		{9003DC61-ED7D-451B-BEF4-0D3B14970BDF}.Debug|Any CPU.ActiveCfg = Debug|Any CPU
		{9003DC61-ED7D-451B-BEF4-0D3B14970BDF}.Debug|Any CPU.Build.0 = Debug|Any CPU
		{9003DC61-ED7D-451B-BEF4-0D3B14970BDF}.Release|Any CPU.ActiveCfg = Release|Any CPU
		{9003DC61-ED7D-451B-BEF4-0D3B14970BDF}.Release|Any CPU.Build.0 = Release|Any CPU
	EndGlobalSection
	GlobalSection(SolutionProperties) = preSolution
		HideSolutionNode = FALSE
	EndGlobalSection
	GlobalSection(NestedProjects) = preSolution
		{FCC18C67-323F-4EF6-9C99-522BDFA4CCE8} = {1D19C28F-CF17-4DAB-866A-CD3B30DEA1E7}
		{9003DC61-ED7D-451B-BEF4-0D3B14970BDF} = {1D19C28F-CF17-4DAB-866A-CD3B30DEA1E7}
	EndGlobalSection
	GlobalSection(ExtensibilityGlobals) = postSolution
		SolutionGuid = {2B4529A7-B710-429D-AB7F-11F4D1D5BDEA}
	EndGlobalSection
EndGlobal
