
Microsoft Visual Studio Solution File, Format Version 12.00
# Visual Studio 15
VisualStudioVersion = 15.0.26124.0
MinimumVisualStudioVersion = 15.0.26124.0
Project("{FAE04EC0-301F-11D3-BF4B-00C04F79EFBC}") = "NHiLo", "NHiLo\NHiLo.csproj", "{FB544588-0570-466F-9A1F-D554675F5CDB}"
EndProject
Project("{FAE04EC0-301F-11D3-BF4B-00C04F79EFBC}") = "NHiLo.Tests", "NHiLo.Tests\NHiLo.Tests.csproj", "{2A7BB3EF-FCBC-44E9-824E-034CD4D4FC3E}"
EndProject
Project("{FAE04EC0-301F-11D3-BF4B-00C04F79EFBC}") = "NHiLo.Tests.Integration", "NHiLo.Tests.Integration\NHiLo.Tests.Integration.csproj", "{D240AC8B-5E41-44A6-B6F3-F71AC3ABF1F5}"
EndProject
Project("{2150E333-8FDC-42A3-9474-1A3956D46DE8}") = "tests", "tests", "{CDE2D060-6E68-11EB-B827-83182767B3D8}"
EndProject
Global
	GlobalSection(SolutionConfigurationPlatforms) = preSolution
		Debug|Any CPU = Debug|Any CPU
		Debug|x64 = Debug|x64
		Debug|x86 = Debug|x86
		Release|Any CPU = Release|Any CPU
		Release|x64 = Release|x64
		Release|x86 = Release|x86
	EndGlobalSection
	GlobalSection(SolutionProperties) = preSolution
		HideSolutionNode = FALSE
	EndGlobalSection
	GlobalSection(ProjectConfigurationPlatforms) = postSolution
		{FB544588-0570-466F-9A1F-D554675F5CDB}.Debug|Any CPU.ActiveCfg = Debug|Any CPU
		{FB544588-0570-466F-9A1F-D554675F5CDB}.Debug|Any CPU.Build.0 = Debug|Any CPU
		{FB544588-0570-466F-9A1F-D554675F5CDB}.Debug|x64.ActiveCfg = Debug|Any CPU
		{FB544588-0570-466F-9A1F-D554675F5CDB}.Debug|x64.Build.0 = Debug|Any CPU
		{FB544588-0570-466F-9A1F-D554675F5CDB}.Debug|x86.ActiveCfg = Debug|Any CPU
		{FB544588-0570-466F-9A1F-D554675F5CDB}.Debug|x86.Build.0 = Debug|Any CPU
		{FB544588-0570-466F-9A1F-D554675F5CDB}.Release|Any CPU.ActiveCfg = Release|Any CPU
		{FB544588-0570-466F-9A1F-D554675F5CDB}.Release|Any CPU.Build.0 = Release|Any CPU
		{FB544588-0570-466F-9A1F-D554675F5CDB}.Release|x64.ActiveCfg = Release|Any CPU
		{FB544588-0570-466F-9A1F-D554675F5CDB}.Release|x64.Build.0 = Release|Any CPU
		{FB544588-0570-466F-9A1F-D554675F5CDB}.Release|x86.ActiveCfg = Release|Any CPU
		{FB544588-0570-466F-9A1F-D554675F5CDB}.Release|x86.Build.0 = Release|Any CPU
		{2A7BB3EF-FCBC-44E9-824E-034CD4D4FC3E}.Debug|Any CPU.ActiveCfg = Debug|Any CPU
		{2A7BB3EF-FCBC-44E9-824E-034CD4D4FC3E}.Debug|Any CPU.Build.0 = Debug|Any CPU
		{2A7BB3EF-FCBC-44E9-824E-034CD4D4FC3E}.Debug|x64.ActiveCfg = Debug|Any CPU
		{2A7BB3EF-FCBC-44E9-824E-034CD4D4FC3E}.Debug|x64.Build.0 = Debug|Any CPU
		{2A7BB3EF-FCBC-44E9-824E-034CD4D4FC3E}.Debug|x86.ActiveCfg = Debug|Any CPU
		{2A7BB3EF-FCBC-44E9-824E-034CD4D4FC3E}.Debug|x86.Build.0 = Debug|Any CPU
		{2A7BB3EF-FCBC-44E9-824E-034CD4D4FC3E}.Release|Any CPU.ActiveCfg = Release|Any CPU
		{2A7BB3EF-FCBC-44E9-824E-034CD4D4FC3E}.Release|Any CPU.Build.0 = Release|Any CPU
		{2A7BB3EF-FCBC-44E9-824E-034CD4D4FC3E}.Release|x64.ActiveCfg = Release|Any CPU
		{2A7BB3EF-FCBC-44E9-824E-034CD4D4FC3E}.Release|x64.Build.0 = Release|Any CPU
		{2A7BB3EF-FCBC-44E9-824E-034CD4D4FC3E}.Release|x86.ActiveCfg = Release|Any CPU
		{2A7BB3EF-FCBC-44E9-824E-034CD4D4FC3E}.Release|x86.Build.0 = Release|Any CPU
		{D240AC8B-5E41-44A6-B6F3-F71AC3ABF1F5}.Debug|Any CPU.ActiveCfg = Debug|Any CPU
		{D240AC8B-5E41-44A6-B6F3-F71AC3ABF1F5}.Debug|Any CPU.Build.0 = Debug|Any CPU
		{D240AC8B-5E41-44A6-B6F3-F71AC3ABF1F5}.Debug|x64.ActiveCfg = Debug|Any CPU
		{D240AC8B-5E41-44A6-B6F3-F71AC3ABF1F5}.Debug|x64.Build.0 = Debug|Any CPU
		{D240AC8B-5E41-44A6-B6F3-F71AC3ABF1F5}.Debug|x86.ActiveCfg = Debug|Any CPU
		{D240AC8B-5E41-44A6-B6F3-F71AC3ABF1F5}.Debug|x86.Build.0 = Debug|Any CPU
		{D240AC8B-5E41-44A6-B6F3-F71AC3ABF1F5}.Release|Any CPU.ActiveCfg = Release|Any CPU
		{D240AC8B-5E41-44A6-B6F3-F71AC3ABF1F5}.Release|Any CPU.Build.0 = Release|Any CPU
		{D240AC8B-5E41-44A6-B6F3-F71AC3ABF1F5}.Release|x64.ActiveCfg = Release|Any CPU
		{D240AC8B-5E41-44A6-B6F3-F71AC3ABF1F5}.Release|x64.Build.0 = Release|Any CPU
		{D240AC8B-5E41-44A6-B6F3-F71AC3ABF1F5}.Release|x86.ActiveCfg = Release|Any CPU
		{D240AC8B-5E41-44A6-B6F3-F71AC3ABF1F5}.Release|x86.Build.0 = Release|Any CPU
	EndGlobalSection
	GlobalSection(NestedProjects) = preSolution
		{D240AC8B-5E41-44A6-B6F3-F71AC3ABF1F5} = {CDE2D060-6E68-11EB-B827-83182767B3D8}
		{2A7BB3EF-FCBC-44E9-824E-034CD4D4FC3E} = {CDE2D060-6E68-11EB-B827-83182767B3D8}
	EndGlobalSection
EndGlobal
